# THIS IS AN AUTOGENERATED FILE. DO NOT EDIT THIS FILE DIRECTLY.
# yarn lockfile v1


"@babel/runtime@^7.17.8":
  version "7.28.4"
  resolved "https://registry.yarnpkg.com/@babel/runtime/-/runtime-7.28.4.tgz#a70226016fabe25c5783b2f22d3e1c9bc5ca3326"
  integrity sha512-Q/N6JNWvIvPnLDvjlE1OUBLPQHH6l3CltCEsHIujp45zQUSSh8K+gHnaEX45yAT1nyngnINhvWtzN+Nb9D8RAQ==

"@mdx-js/react@^3.0.0":
  version "3.1.1"
  resolved "https://registry.yarnpkg.com/@mdx-js/react/-/react-3.1.1.tgz#24bda7fffceb2fe256f954482123cda1be5f5fef"
  integrity sha512-f++rKLQgUVYDAtECQ6fn/is15GkEH9+nZPM3MS0RcxVqoTfawHvDlSCH7JbMhAM6uJ32v3eXLvLmLvjGu7PTQw==
  dependencies:
    "@types/mdx" "^2.0.0"

"@storybook/addon-actions@8.6.14":
  version "8.6.14"
  resolved "https://registry.yarnpkg.com/@storybook/addon-actions/-/addon-actions-8.6.14.tgz#e6bc8f5afc67853e6ce3e03fb0bdcfa67c0dec16"
  integrity sha512-mDQxylxGGCQSK7tJPkD144J8jWh9IU9ziJMHfB84PKpI/V5ZgqMDnpr2bssTrUaGDqU5e1/z8KcRF+Melhs9pQ==
  dependencies:
    "@storybook/global" "^5.0.0"
    "@types/uuid" "^9.0.1"
    dequal "^2.0.2"
    polished "^4.2.2"
    uuid "^9.0.0"

"@storybook/addon-backgrounds@8.6.14":
  version "8.6.14"
  resolved "https://registry.yarnpkg.com/@storybook/addon-backgrounds/-/addon-backgrounds-8.6.14.tgz#3840ce28339c3c16d001f751fd5f3125c0643ed7"
  integrity sha512-l9xS8qWe5n4tvMwth09QxH2PmJbCctEvBAc1tjjRasAfrd69f7/uFK4WhwJAstzBTNgTc8VXI4w8ZR97i1sFbg==
  dependencies:
    "@storybook/global" "^5.0.0"
    memoizerific "^1.11.3"
    ts-dedent "^2.0.0"

"@storybook/addon-backgrounds@^9.0.8":
  version "9.0.8"
  resolved "https://registry.yarnpkg.com/@storybook/addon-backgrounds/-/addon-backgrounds-9.0.8.tgz#ae923e5dfc3f9efb4cb64e9c95acb5774792f12c"
  integrity sha512-4Vvr4wYHtiZ8UVWdCahK0XEMU4zNgInnNcVQ31YkUg41MVSY+aoZqtNuxOuRbFzUtjL9/aVsbY0Sg9Lp1/EJ4g==

"@storybook/addon-controls@8.6.14":
  version "8.6.14"
  resolved "https://registry.yarnpkg.com/@storybook/addon-controls/-/addon-controls-8.6.14.tgz#4aafdd25276a0b86a8b744ef8344998f458cb5a5"
  integrity sha512-IiQpkNJdiRyA4Mq9mzjZlvQugL/aE7hNgVxBBGPiIZG6wb6Ht9hNnBYpap5ZXXFKV9p2qVI0FZK445ONmAa+Cw==
  dependencies:
    "@storybook/global" "^5.0.0"
    dequal "^2.0.2"
    ts-dedent "^2.0.0"

"@storybook/addon-docs@8.6.14":
  version "8.6.14"
  resolved "https://registry.yarnpkg.com/@storybook/addon-docs/-/addon-docs-8.6.14.tgz#71fcf4cf06dae91cecd5668915a8c234b82748e9"
  integrity sha512-Obpd0OhAF99JyU5pp5ci17YmpcQtMNgqW2pTXV8jAiiipWpwO++hNDeQmLmlSXB399XjtRDOcDVkoc7rc6JzdQ==
  dependencies:
    "@mdx-js/react" "^3.0.0"
    "@storybook/blocks" "8.6.14"
    "@storybook/csf-plugin" "8.6.14"
    "@storybook/react-dom-shim" "8.6.14"
    react "^16.8.0 || ^17.0.0 || ^18.0.0 || ^19.0.0"
    react-dom "^16.8.0 || ^17.0.0 || ^18.0.0 || ^19.0.0"
    ts-dedent "^2.0.0"

"@storybook/addon-essentials@^8.6.14":
  version "8.6.14"
  resolved "https://registry.yarnpkg.com/@storybook/addon-essentials/-/addon-essentials-8.6.14.tgz#228f6ebeafba1d3368e8d900508dbdc86640ad34"
  integrity sha512-5ZZSHNaW9mXMOFkoPyc3QkoNGdJHETZydI62/OASR0lmPlJ1065TNigEo5dJddmZNn0/3bkE8eKMAzLnO5eIdA==
  dependencies:
    "@storybook/addon-actions" "8.6.14"
    "@storybook/addon-backgrounds" "8.6.14"
    "@storybook/addon-controls" "8.6.14"
    "@storybook/addon-docs" "8.6.14"
    "@storybook/addon-highlight" "8.6.14"
    "@storybook/addon-measure" "8.6.14"
    "@storybook/addon-outline" "8.6.14"
    "@storybook/addon-toolbars" "8.6.14"
    "@storybook/addon-viewport" "8.6.14"
    ts-dedent "^2.0.0"

"@storybook/addon-highlight@8.6.14":
  version "8.6.14"
  resolved "https://registry.yarnpkg.com/@storybook/addon-highlight/-/addon-highlight-8.6.14.tgz#f5fb86bfae8b485cd49e8e2732eb05e049cd60cb"
  integrity sha512-4H19OJlapkofiE9tM6K/vsepf4ir9jMm9T+zw5L85blJZxhKZIbJ6FO0TCG9PDc4iPt3L6+aq5B0X29s9zicNQ==
  dependencies:
    "@storybook/global" "^5.0.0"

"@storybook/addon-measure@8.6.14":
  version "8.6.14"
  resolved "https://registry.yarnpkg.com/@storybook/addon-measure/-/addon-measure-8.6.14.tgz#cafe8742616f0df6f82eadc0ee268bbca6ac4843"
  integrity sha512-1Tlyb72NX8aAqm6I6OICsUuGOP6hgnXcuFlXucyhKomPa6j3Eu2vKu561t/f0oGtAK2nO93Z70kVaEh5X+vaGw==
  dependencies:
    "@storybook/global" "^5.0.0"
    tiny-invariant "^1.3.1"

"@storybook/addon-outline@8.6.14":
  version "8.6.14"
  resolved "https://registry.yarnpkg.com/@storybook/addon-outline/-/addon-outline-8.6.14.tgz#8a779cd6cdaf935964fe6d6c30ebf929218e23d5"
  integrity sha512-CW857JvN6OxGWElqjlzJO2S69DHf+xO3WsEfT5mT3ZtIjmsvRDukdWfDU9bIYUFyA2lFvYjncBGjbK+I91XR7w==
  dependencies:
    "@storybook/global" "^5.0.0"
    ts-dedent "^2.0.0"

"@storybook/addon-toolbars@8.6.14":
  version "8.6.14"
  resolved "https://registry.yarnpkg.com/@storybook/addon-toolbars/-/addon-toolbars-8.6.14.tgz#6d53ba81ee7179621798fe0302d453e47ecfaeba"
  integrity sha512-W/wEXT8h3VyZTVfWK/84BAcjAxTdtRiAkT2KAN0nbSHxxB5KEM1MjKpKu2upyzzMa3EywITqbfy4dP6lpkVTwQ==

"@storybook/addon-viewport@8.6.14":
  version "8.6.14"
  resolved "https://registry.yarnpkg.com/@storybook/addon-viewport/-/addon-viewport-8.6.14.tgz#d948fcb0a91dadd7f4735913c8eee6c376d49baa"
  integrity sha512-gNzVQbMqRC+/4uQTPI2ZrWuRHGquTMZpdgB9DrD88VTEjNudP+J6r8myLfr2VvGksBbUMHkGHMXHuIhrBEnXYA==
  dependencies:
    memoizerific "^1.11.3"

"@storybook/blocks@8.6.14":
  version "8.6.14"
  resolved "https://registry.yarnpkg.com/@storybook/blocks/-/blocks-8.6.14.tgz#9d39e64f4fd0a446d96f1f5d6b220d4812fc05fa"
  integrity sha512-rBMHAfA39AGHgkrDze4RmsnQTMw1ND5fGWobr9pDcJdnDKWQWNRD7Nrlxj0gFlN3n4D9lEZhWGdFrCbku7FVAQ==
  dependencies:
    "@storybook/icons" "^1.2.12"
    ts-dedent "^2.0.0"

"@storybook/csf-plugin@8.6.14":
  version "8.6.14"
  resolved "https://registry.yarnpkg.com/@storybook/csf-plugin/-/csf-plugin-8.6.14.tgz#c7fc0361204a34693e8d62ebe5922d77dfec06c0"
  integrity sha512-dErtc9teAuN+eelN8FojzFE635xlq9cNGGGEu0WEmMUQ4iJ8pingvBO1N8X3scz4Ry7KnxX++NNf3J3gpxS8qQ==
  dependencies:
    unplugin "^1.3.1"

"@storybook/global@^5.0.0":
  version "5.0.0"
  resolved "https://registry.yarnpkg.com/@storybook/global/-/global-5.0.0.tgz#b793d34b94f572c1d7d9e0f44fac4e0dbc9572ed"
  integrity sha512-FcOqPAXACP0I3oJ/ws6/rrPT9WGhu915Cg8D02a9YxLo0DE9zI+a9A5gRGvmQ09fiWPukqI8ZAEoQEdWUKMQdQ==

"@storybook/icons@^1.2.12":
  version "1.6.0"
  resolved "https://registry.yarnpkg.com/@storybook/icons/-/icons-1.6.0.tgz#9fa6eb9c82922b79f75a2cf83c38af30ba7fd696"
  integrity sha512-hcFZIjW8yQz8O8//2WTIXylm5Xsgc+lW9ISLgUk1xGmptIJQRdlhVIXCpSyLrQaaRiyhQRaVg7l3BD9S216BHw==

"@storybook/react-dom-shim@8.6.14":
  version "8.6.14"
  resolved "https://registry.yarnpkg.com/@storybook/react-dom-shim/-/react-dom-shim-8.6.14.tgz#02fc8aeab701040744d93b6ef46b9e5727123370"
  integrity sha512-0hixr3dOy3f3M+HBofp3jtMQMS+sqzjKNgl7Arfuj3fvjmyXOks/yGjDImySR4imPtEllvPZfhiQNlejheaInw==

"@types/mdx@^2.0.0":
  version "2.0.13"
  resolved "https://registry.yarnpkg.com/@types/mdx/-/mdx-2.0.13.tgz#68f6877043d377092890ff5b298152b0a21671bd"
  integrity sha512-+OWZQfAYyio6YkJb3HLxDrvnx6SWWDbC0zVPfBRzUk0/nqoDyf6dNxQi3eArPe8rJ473nobTMQ/8Zk+LxJ+Yuw==

"@types/uuid@^9.0.1":
  version "9.0.8"
  resolved "https://registry.yarnpkg.com/@types/uuid/-/uuid-9.0.8.tgz#7545ba4fc3c003d6c756f651f3bf163d8f0f29ba"
  integrity sha512-jg+97EGIcY9AGHJJRaaPVgetKDsrTgbRjQ5Msgjh/DQKEFl0DtyRr/VCOyD1T2R1MNeWPK/u7JoGhlDZnKBAfA==

acorn@^8.14.0:
  version "8.15.0"
  resolved "https://registry.yarnpkg.com/acorn/-/acorn-8.15.0.tgz#a360898bc415edaac46c8241f6383975b930b816"
  integrity sha512-NZyJarBfL7nWwIq+FDL6Zp/yHEhePMNnnJ0y3qfieCrmNvYct8uvtiV41UvlSe6apAfk0fY1FbWx+NwfmpvtTg==

dequal@^2.0.2:
  version "2.0.3"
  resolved "https://registry.yarnpkg.com/dequal/-/dequal-2.0.3.tgz#2644214f1997d39ed0ee0ece72335490a7ac67be"
  integrity sha512-0je+qPKHEMohvfRTCEo3CrPG6cAzAYgmzKyxRiYSSDkS6eGJdyVJm7WaYA5ECaAD9wLB2T4EEeymA5aFVcYXCA==

map-or-similar@^1.5.0:
  version "1.5.0"
  resolved "https://registry.yarnpkg.com/map-or-similar/-/map-or-similar-1.5.0.tgz#6de2653174adfb5d9edc33c69d3e92a1b76faf08"
  integrity sha512-0aF7ZmVon1igznGI4VS30yugpduQW3y3GkcgGJOp7d8x8QrizhigUxjI/m2UojsXXto+jLAH3KSz+xOJTiORjg==

memoizerific@^1.11.3:
  version "1.11.3"
  resolved "https://registry.yarnpkg.com/memoizerific/-/memoizerific-1.11.3.tgz#7c87a4646444c32d75438570905f2dbd1b1a805a"
  integrity sha512-/EuHYwAPdLtXwAwSZkh/Gutery6pD2KYd44oQLhAvQp/50mpyduZh8Q7PYHXTCJ+wuXxt7oij2LXyIJOOYFPog==
  dependencies:
    map-or-similar "^1.5.0"

polished@^4.2.2:
  version "4.3.1"
  resolved "https://registry.yarnpkg.com/polished/-/polished-4.3.1.tgz#5a00ae32715609f83d89f6f31d0f0261c6170548"
  integrity sha512-OBatVyC/N7SCW/FaDHrSd+vn0o5cS855TOmYi4OkdWUMSJCET/xip//ch8xGUvtr3i44X9LVyWwQlRMTN3pwSA==
  dependencies:
    "@babel/runtime" "^7.17.8"

"react-dom@^16.8.0 || ^17.0.0 || ^18.0.0 || ^19.0.0":
  version "19.2.0"
  resolved "https://registry.yarnpkg.com/react-dom/-/react-dom-19.2.0.tgz#00ed1e959c365e9a9d48f8918377465466ec3af8"
  integrity sha512-UlbRu4cAiGaIewkPyiRGJk0imDN2T3JjieT6spoL2UeSf5od4n5LB/mQ4ejmxhCFT1tYe8IvaFulzynWovsEFQ==
  dependencies:
    scheduler "^0.27.0"

"react@^16.8.0 || ^17.0.0 || ^18.0.0 || ^19.0.0":
  version "19.2.0"
  resolved "https://registry.yarnpkg.com/react/-/react-19.2.0.tgz#d33dd1721698f4376ae57a54098cb47fc75d93a5"
  integrity sha512-tmbWg6W31tQLeB5cdIBOicJDJRR2KzXsV7uSK9iNfLWQ5bIZfxuPEHp7M8wiHyHnn0DD1i7w3Zmin0FtkrwoCQ==

scheduler@^0.27.0:
  version "0.27.0"
  resolved "https://registry.yarnpkg.com/scheduler/-/scheduler-0.27.0.tgz#0c4ef82d67d1e5c1e359e8fc76d3a87f045fe5bd"
  integrity sha512-eNv+WrVbKu1f3vbYJT/xtiF5syA5HPIMtf9IgY/nKg0sWqzAUEvqY/xm7OcZc/qafLx/iO9FgOmeSAp4v5ti/Q==

tiny-invariant@^1.3.1:
  version "1.3.3"
  resolved "https://registry.yarnpkg.com/tiny-invariant/-/tiny-invariant-1.3.3.tgz#46680b7a873a0d5d10005995eb90a70d74d60127"
  integrity sha512-+FbBPE1o9QAYvviau/qC5SE3caw21q3xkvWKBtja5vgqOWIHHJ3ioaq1VPfn/Szqctz2bU/oYeKd9/z5BL+PVg==

ts-dedent@^2.0.0:
  version "2.2.0"
  resolved "https://registry.yarnpkg.com/ts-dedent/-/ts-dedent-2.2.0.tgz#39e4bd297cd036292ae2394eb3412be63f563bb5"
  integrity sha512-q5W7tVM71e2xjHZTlgfTDoPF/SmqKG5hddq9SzR49CH2hayqRKJtQ4mtRlSxKaJlR/+9rEM+mnBHf7I2/BQcpQ==

unplugin@^1.3.1:
  version "1.16.1"
  resolved "https://registry.yarnpkg.com/unplugin/-/unplugin-1.16.1.tgz#a844d2e3c3b14a4ac2945c42be80409321b61199"
  integrity sha512-4/u/j4FrCKdi17jaxuJA0jClGxB1AvU2hw/IuayPc4ay1XGaJs/rbb4v5WKwAjNifjmXK9PIFyuPiaK8azyR9w==
  dependencies:
    acorn "^8.14.0"
    webpack-virtual-modules "^0.6.2"

uuid@^9.0.0:
  version "9.0.1"
  resolved "https://registry.yarnpkg.com/uuid/-/uuid-9.0.1.tgz#e188d4c8853cc722220392c424cd637f32293f30"
  integrity sha512-b+1eJOlsR9K8HJpow9Ok3fiWOWSIcIzXodvv0rQjVoOVNpWMpxf1wZNpt4y9h10odCNrqnYp1OBzRktckBe3sA==

webpack-virtual-modules@^0.6.2:
  version "0.6.2"
  resolved "https://registry.yarnpkg.com/webpack-virtual-modules/-/webpack-virtual-modules-0.6.2.tgz#057faa9065c8acf48f24cb57ac0e77739ab9a7e8"
  integrity sha512-66/V2i5hQanC51vBQKPH4aI8NMAcBW59FVBs+rC7eGHupMyfn34q7rZIE+ETlJ+XTevqfUhVVBgSUNSW2flEUQ==
